
Microsoft Visual Studio Solution File, Format Version 12.00
# Visual Studio 15
VisualStudioVersion = 15.0.27428.2015
MinimumVisualStudioVersion = 10.0.40219.1
Project("{FAE04EC0-301F-11D3-BF4B-00C04F79EFBC}") = "AlphabetWar", "AlphabetWar\AlphabetWar.csproj", "{0F387771-8236-4808-8770-D109D8A77062}"
EndProject
Project("{FAE04EC0-301F-11D3-BF4B-00C04F79EFBC}") = "UnitTests", "UnitTests\UnitTests.csproj", "{A306FF86-640B-4CE7-8F47-75D4424C9BB8}"
EndProject
Global
	GlobalSection(SolutionConfigurationPlatforms) = preSolution
		Debug|Any CPU = Debug|Any CPU
		Release|Any CPU = Release|Any CPU
	EndGlobalSection
	GlobalSection(ProjectConfigurationPlatforms) = postSolution
		{0F387771-8236-4808-8770-D109D8A77062}.Debug|Any CPU.ActiveCfg = Debug|Any CPU
		{0F387771-8236-4808-8770-D109D8A77062}.Debug|Any CPU.Build.0 = Debug|Any CPU
		{0F387771-8236-4808-8770-D109D8A77062}.Release|Any CPU.ActiveCfg = Release|Any CPU
		{0F387771-8236-4808-8770-D109D8A77062}.Release|Any CPU.Build.0 = Release|Any CPU
		{A306FF86-640B-4CE7-8F47-75D4424C9BB8}.Debug|Any CPU.ActiveCfg = Debug|Any CPU
		{A306FF86-640B-4CE7-8F47-75D4424C9BB8}.Debug|Any CPU.Build.0 = Debug|Any CPU
		{A306FF86-640B-4CE7-8F47-75D4424C9BB8}.Release|Any CPU.ActiveCfg = Release|Any CPU
		{A306FF86-640B-4CE7-8F47-75D4424C9BB8}.Release|Any CPU.Build.0 = Release|Any CPU
	EndGlobalSection
	GlobalSection(SolutionProperties) = preSolution
		HideSolutionNode = FALSE
	EndGlobalSection
	GlobalSection(ExtensibilityGlobals) = postSolution
		SolutionGuid = {B7973DEB-0D07-4489-B72B-2E54611B1C72}
	EndGlobalSection
EndGlobal
